
Microsoft Visual Studio Solution File, Format Version 12.00
# Visual Studio Version 17
VisualStudioVersion = 17.8.34601.278
MinimumVisualStudioVersion = 10.0.40219.1
Project("{FAE04EC0-301F-11D3-BF4B-00C04F79EFBC}") = "gRpcConsoleApp", "gRpcConsoleApp\gRpcConsoleApp.csproj", "{FDBECB43-08D9-421B-8AC3-A0FCE3351424}"
EndProject
Global
	GlobalSection(SolutionConfigurationPlatforms) = preSolution
		Debug|Any CPU = Debug|Any CPU
		Release|Any CPU = Release|Any CPU
	EndGlobalSection
	GlobalSection(ProjectConfigurationPlatforms) = postSolution
		{FDBECB43-08D9-421B-8AC3-A0FCE3351424}.Debug|Any CPU.ActiveCfg = Debug|Any CPU
		{FDBECB43-08D9-421B-8AC3-A0FCE3351424}.Debug|Any CPU.Build.0 = Debug|Any CPU
		{FDBECB43-08D9-421B-8AC3-A0FCE3351424}.Release|Any CPU.ActiveCfg = Release|Any CPU
		{FDBECB43-08D9-421B-8AC3-A0FCE3351424}.Release|Any CPU.Build.0 = Release|Any CPU
	EndGlobalSection
	GlobalSection(SolutionProperties) = preSolution
		HideSolutionNode = FALSE
	EndGlobalSection
	GlobalSection(ExtensibilityGlobals) = postSolution
		SolutionGuid = {B9E0F028-9BAF-4F6D-9970-1D403C26AE65}
	EndGlobalSection
EndGlobal
